{
    "name": "smiirl-clock",
    "version": "1.0.3",
    "lockfileVersion": 3,
    "requires": true,
    "packages": {
        "": {
            "name": "smiirl-clock",
            "version": "1.0.3",
            "license": "GPL-3.0",
            "dependencies": {
                "node-cron": "^2.0.3"
            },
            "bin": {
                "smiirl-clock": "index.js"
            }
        },
        "node_modules/node-cron": {
            "version": "2.0.3",
            "resolved": "https://registry.npmjs.org/node-cron/-/node-cron-2.0.3.tgz",
            "integrity": "sha512-eJI+QitXlwcgiZwNNSRbqsjeZMp5shyajMR81RZCqeW0ZDEj4zU9tpd4nTh/1JsBiKbF8d08FCewiipDmVIYjg==",
            "hasInstallScript": true,
            "license": "ISC",
            "dependencies": {
                "opencollective-postinstall": "^2.0.0",
                "tz-offset": "0.0.1"
            },
            "engines": {
                "node": ">=6.0.0"
            }
        },
        "node_modules/opencollective-postinstall": {
            "version": "2.0.3",
            "resolved": "https://registry.npmjs.org/opencollective-postinstall/-/opencollective-postinstall-2.0.3.tgz",
            "integrity": "sha512-8AV/sCtuzUeTo8gQK5qDZzARrulB3egtLzFgteqB2tcT4Mw7B8Kt7JcDHmltjz6FOAHsvTevk70gZEbhM4ZS9Q==",
            "license": "MIT",
            "bin": {
                "opencollective-postinstall": "index.js"
            }
        },
        "node_modules/tz-offset": {
            "version": "0.0.1",
            "resolved": "https://registry.npmjs.org/tz-offset/-/tz-offset-0.0.1.tgz",
            "integrity": "sha512-kMBmblijHJXyOpKzgDhKx9INYU4u4E1RPMB0HqmKSgWG8vEcf3exEfLh4FFfzd3xdQOw9EuIy/cP0akY6rHopQ==",
            "license": "ISC"
        }
    }
}
